{
  "name": "webstomp_app",
  "version": "1.0.0",
  "lockfileVersion": 1,
  "requires": true,
  "dependencies": {
    "webstomp-client": {
      "version": "1.2.6",
      "resolved": "https://registry.npmjs.org/webstomp-client/-/webstomp-client-1.2.6.tgz",
      "integrity": "sha512-9HajO6Ki2ViEGIusLZtjM2lcO2VaQUvtXhLQQ4Cm543RLjfTCEgI3sFaiXts3TvfZgrtY/vI/+qUkm2qWD/NVg=="
    },
    "ws": {
      "version": "7.4.6",
      "resolved": "https://registry.npmjs.org/ws/-/ws-7.4.6.tgz",
      "integrity": "sha512-YmhHDO4MzaDLB+M9ym/mDA5z0naX8j7SIlT8f8z+I0VtzsRbekxEutHSme7NPS2qE8StCYQNUnfWdXta/Yu85A=="
    }
  }
}
